
Microsoft Visual Studio Solution File, Format Version 11.00
# Visual C# Express 2010
Project("{FAE04EC0-301F-11D3-BF4B-00C04F79EFBC}") = "BrigandCmd", "BrigandCmd\BrigandCmd.csproj", "{20D82533-3B25-4E52-837D-36E61D5DB907}"
EndProject
Project("{FAE04EC0-301F-11D3-BF4B-00C04F79EFBC}") = "Brigand", "Brigand\Brigand.csproj", "{C7441855-6C35-4A04-BB7F-C0251D70C5D6}"
EndProject
Project("{FAE04EC0-301F-11D3-BF4B-00C04F79EFBC}") = "Trivia", "Trivia\Trivia.csproj", "{06A49A87-F7DF-4772-AF38-3E8EB2DDCEA2}"
EndProject
Project("{FAE04EC0-301F-11D3-BF4B-00C04F79EFBC}") = "Chatter", "Chatter\Chatter.csproj", "{C5FFC6FC-86B4-46CF-8DCF-3F7EB36802C3}"
EndProject
Project("{FAE04EC0-301F-11D3-BF4B-00C04F79EFBC}") = "RssWatcher", "RssWatcher\RssWatcher.csproj", "{D21F7DD6-F549-4168-BE9C-5B31D765338E}"
EndProject
Global
	GlobalSection(SolutionConfigurationPlatforms) = preSolution
		Debug|Any CPU = Debug|Any CPU
		Release|Any CPU = Release|Any CPU
	EndGlobalSection
	GlobalSection(ProjectConfigurationPlatforms) = postSolution
		{20D82533-3B25-4E52-837D-36E61D5DB907}.Debug|Any CPU.ActiveCfg = Debug|Any CPU
		{20D82533-3B25-4E52-837D-36E61D5DB907}.Debug|Any CPU.Build.0 = Debug|Any CPU
		{20D82533-3B25-4E52-837D-36E61D5DB907}.Release|Any CPU.ActiveCfg = Release|Any CPU
		{20D82533-3B25-4E52-837D-36E61D5DB907}.Release|Any CPU.Build.0 = Release|Any CPU
		{C7441855-6C35-4A04-BB7F-C0251D70C5D6}.Debug|Any CPU.ActiveCfg = Debug|Any CPU
		{C7441855-6C35-4A04-BB7F-C0251D70C5D6}.Debug|Any CPU.Build.0 = Debug|Any CPU
		{C7441855-6C35-4A04-BB7F-C0251D70C5D6}.Release|Any CPU.ActiveCfg = Release|Any CPU
		{C7441855-6C35-4A04-BB7F-C0251D70C5D6}.Release|Any CPU.Build.0 = Release|Any CPU
		{06A49A87-F7DF-4772-AF38-3E8EB2DDCEA2}.Debug|Any CPU.ActiveCfg = Debug|Any CPU
		{06A49A87-F7DF-4772-AF38-3E8EB2DDCEA2}.Debug|Any CPU.Build.0 = Debug|Any CPU
		{06A49A87-F7DF-4772-AF38-3E8EB2DDCEA2}.Release|Any CPU.ActiveCfg = Release|Any CPU
		{06A49A87-F7DF-4772-AF38-3E8EB2DDCEA2}.Release|Any CPU.Build.0 = Release|Any CPU
		{C5FFC6FC-86B4-46CF-8DCF-3F7EB36802C3}.Debug|Any CPU.ActiveCfg = Debug|Any CPU
		{C5FFC6FC-86B4-46CF-8DCF-3F7EB36802C3}.Debug|Any CPU.Build.0 = Debug|Any CPU
		{C5FFC6FC-86B4-46CF-8DCF-3F7EB36802C3}.Release|Any CPU.ActiveCfg = Release|Any CPU
		{C5FFC6FC-86B4-46CF-8DCF-3F7EB36802C3}.Release|Any CPU.Build.0 = Release|Any CPU
		{D21F7DD6-F549-4168-BE9C-5B31D765338E}.Debug|Any CPU.ActiveCfg = Debug|Any CPU
		{D21F7DD6-F549-4168-BE9C-5B31D765338E}.Debug|Any CPU.Build.0 = Debug|Any CPU
		{D21F7DD6-F549-4168-BE9C-5B31D765338E}.Release|Any CPU.ActiveCfg = Release|Any CPU
		{D21F7DD6-F549-4168-BE9C-5B31D765338E}.Release|Any CPU.Build.0 = Release|Any CPU
	EndGlobalSection
	GlobalSection(SolutionProperties) = preSolution
		HideSolutionNode = FALSE
	EndGlobalSection
EndGlobal
